github.com/beorn7/perks v1.0.1 h1:VlbKKnNfV8bJzeqoa4cOKqO6bYr3WgKZxO8Z16+hsOM=
github.com/beorn7/perks v1.0.1/go.mod h1:G2ZrVWU2WbWT9wwq4/hrbKbnv/1ERSJQ0ibhJ6rlkpw=
github.com/brotherlogic/buildserver v0.0.0-20240727001649-754e9512f2a1 h1:JEQtGN+HjPrTGmf/zRYG1JGcRx3mVSDXW9uqRvAUD7s=
github.com/brotherlogic/buildserver v0.0.0-20240727001649-754e9512f2a1/go.mod h1:+wlfdRUfVw4eRqRe/bpCE8Psc6Q1ydqwsqvX7l6yH6c=
github.com/brotherlogic/datastore v0.0.0-20240726160045-b02e7c617938 h1:Fk1oxNP+Anrn8XKhtj6N00sTd/lZgM1D/tOAWWUxAyg=
github.com/brotherlogic/datastore v0.0.0-20240726160045-b02e7c617938/go.mod h1:FPzbZHl4ONWU7zCA23rImfQwaTbgf8JA50qVUVMdDOQ=
github.com/brotherlogic/dstore v0.0.0-20240726183353-b66f33a04034 h1:N/dBkgCCedffVYqPu/J9lF8ZtaISHqb1yqXT6CE3xMI=
github.com/brotherlogic/dstore v0.0.0-20240726183353-b66f33a04034/go.mod h1:aXNSvYzzI15Z5QjqvmsxAvrPJ0nbieLcisFeu3QjFt0=
github.com/brotherlogic/githubcard v0.0.0-20240722165225-45cf5116daeb h1:FSZtpHV5q5ofXjGWLh5/fVvIJWDyEl0PClkOlweIdJQ=
github.com/brotherlogic/githubcard v0.0.0-20240722165225-45cf5116daeb/go.mod h1:93DKpIdT3wBlDwXriE1parD4bBGRblgJjZ4W+P+dtz0=
github.com/brotherlogic/githubridge v0.2802.0 h1:9Dz8jzHYNNGheax3eZxLP7itjMnWjReukNafNa/U76E=
github.com/brotherlogic/githubridge v0.2802.0/go.mod h1:XTxap90/th23AU2BWYFxnSyiQFwDYyBI0PWxDZTCQpo=
github.com/brotherlogic/gobuildslave v0.0.0-20240728211723-eb3dd5a11d89 h1:D8WdiKS6tiw52WfDiXgTy1OoUE9fnKfUkFIANH1P6Is=
github.com/brotherlogic/gobuildslave v0.0.0-20240728211723-eb3dd5a11d89/go.mod h1:Gqt8gdlm1FAq6/5Qwh4UFdrqapn72Rxj/jpOpjNcA88=
github.com/brotherlogic/godiscogs v0.0.0-20240403143827-f1692f7a0410 h1:r2U3/0eQ42rtWieWGNyp7VFUAnhQWHhaRk864Wb0KSM=
github.com/brotherlogic/godiscogs v0.0.0-20240403143827-f1692f7a0410/go.mod h1:4wYe3uogEJqP77td2b2j69c+TLcSDrqgd5pqj7vlb6U=
github.com/brotherlogic/goserver v0.0.0-20240303220030-80da220f0393 h1:URH8Z026zIMp4jli5l0AdRpxorjYMAOzA3zf2eifYW8=
github.com/brotherlogic/goserver v0.0.0-20240303220030-80da220f0393/go.mod h1:DQcHpGZOjqnapi7JCYxmpOebkVjqgpfLuPNNNquy4Z0=
github.com/brotherlogic/keystore v0.0.0-20240508161349-814b3200b126 h1:6e12Cl80VtMghgEyTyx1tZB1mUSSBHeLhKvikwb7kIQ=
github.com/brotherlogic/keystore v0.0.0-20240508161349-814b3200b126/go.mod h1:2JK2kJhI5ler7e7M1WtIpIkiNGG2qy8V6X7VZLCsd5k=
github.com/brotherlogic/lock v0.0.0-20240729150547-2389c47148c0 h1:V8Idqy0S2848hxYhn/oh1woUsPRJeCb8SQRrR+fHjsc=
github.com/brotherlogic/lock v0.0.0-20240729150547-2389c47148c0/go.mod h1:LqoHUQnb4NenYI43A7MqTKhHCKeyqiObNnqUaIH7oPQ=
github.com/brotherlogic/logging v0.0.0-20240726203614-f361fdd5f2ce h1:ql20qq1tvahAyMuomwvQxrmYJ5wVdN7p2tjC7Rw54W4=
github.com/brotherlogic/logging v0.0.0-20240726203614-f361fdd5f2ce/go.mod h1:pXuUf8GIjp0FRh1FS6KZ3BOifrMoFA2edfnOADFeEaw=
github.com/brotherlogic/monitor v0.0.0-20221025152653-c10877c5f9e6 h1:hxu2T9JspE76sL3XAx/CNtA9bOO6QCEJkyG9rBXFEVA=
github.com/brotherlogic/monitor v0.0.0-20221025152653-c10877c5f9e6/go.mod h1:babny4VO2GqFwjXqhJsP4a6la4XJeMT6f4BgLBPq4G8=
github.com/brotherlogic/recordcollection v0.0.0-20240507141004-bfb0a1e980c6 h1:0a1gaVNjbTEDo+1eT98pHIMxojrIlxk69ZqYav5c6jQ=
github.com/brotherlogic/recordcollection v0.0.0-20240507141004-bfb0a1e980c6/go.mod h1:ITVGSuIy9X6o/ymgp5tS3qcISVrY4I9qLwNYmu8K60Y=
github.com/brotherlogic/versionserver v0.0.0-20221025154054-c9bcd41be2f2 h1:YjFE4Sa+wwbl4yJwJaMQVeA4CMzLIDbbIuSMdsEp5/w=
github.com/brotherlogic/versionserver v0.0.0-20221025154054-c9bcd41be2f2/go.mod h1:ODrbMDhG+yOp2vie9vE4oaKsKhILDralZMr7PJ4HrJY=
github.com/cespare/xxhash/v2 v2.3.0 h1:UL815xU9SqsFlibzuggzjXhog7bL6oX9BbNZnL2UFvs=
github.com/cespare/xxhash/v2 v2.3.0/go.mod h1:VGX0DQ3Q6kWi7AoAeZDth3/j3BFtOZR5XLFGgcrjCOs=
github.com/davecgh/go-spew v1.1.1 h1:vj9j/u1bqnvCEfJOwUhtlOARqs3+rkHYY13jYWTU97c=
github.com/davecgh/go-spew v1.1.1/go.mod h1:J7Y8YcW2NihsgmVo/mv3lAwl/skON4iLHjSsI+c5H38=
github.com/golang/protobuf v1.5.4 h1:i7eJL8qZTpSEXOPTxNKhASYpMn+8e5Q6AdndVa1dWek=
github.com/golang/protobuf v1.5.4/go.mod h1:lnTiLA8Wa4RWRcIUkrtSVa5nRhsEGBg48fD6rSs7xps=
github.com/google/go-cmp v0.6.0 h1:ofyhxvXcZhMsU5ulbFiLKl/XBFqE1GSq7atu8tAmTRI=
github.com/google/go-cmp v0.6.0/go.mod h1:17dUlkBOakJ0+DkrSSNjCkIjxS6bF9zb3elmeNGIjoY=
github.com/mitchellh/go-ps v1.0.0 h1:i6ampVEEF4wQFF+bkYfwYgY+F/uYJDktmvLPf7qIgjc=
github.com/mitchellh/go-ps v1.0.0/go.mod h1:J4lOc8z8yJs6vUwklHw2XEIiT4z4C40KtWVN3nvg8Pg=
github.com/munnerz/goautoneg v0.0.0-20191010083416-a7dc8b61c822 h1:C3w9PqII01/Oq1c1nUAm88MOHcQC9l5mIlSMApZMrHA=
github.com/munnerz/goautoneg v0.0.0-20191010083416-a7dc8b61c822/go.mod h1:+n7T8mK8HuQTcFwEeznm/DIxMOiR9yIdICNftLE1DvQ=
github.com/prometheus/client_golang v1.19.1 h1:wZWJDwK+NameRJuPGDhlnFgx8e8HN3XHQeLaYJFJBOE=
github.com/prometheus/client_golang v1.19.1/go.mod h1:mP78NwGzrVks5S2H6ab8+ZZGJLZUq1hoULYBAYBw1Ho=
github.com/prometheus/client_model v0.6.1 h1:ZKSh/rekM+n3CeS952MLRAdFwIKqeY8b62p8ais2e9E=
github.com/prometheus/client_model v0.6.1/go.mod h1:OrxVMOVHjw3lKMa8+x6HeMGkHMQyHDk9E3jmP2AmGiY=
github.com/prometheus/common v0.55.0 h1:KEi6DK7lXW/m7Ig5i47x0vRzuBsHuvJdi5ee6Y3G1dc=
github.com/prometheus/common v0.55.0/go.mod h1:2SECS4xJG1kd8XF9IcM1gMX6510RAEL65zxzNImwdc8=
github.com/prometheus/procfs v0.15.1 h1:YagwOFzUgYfKKHX6Dr+sHT7km/hxC76UB0learggepc=
github.com/prometheus/procfs v0.15.1/go.mod h1:fB45yRUv8NstnjriLhBQLuOUt+WW4BsoGhij/e3PBqk=
github.com/struCoder/pidusage v0.2.1 h1:dFiEgUDkubeIj0XA1NpQ6+8LQmKrLi7NiIQl86E6BoY=
github.com/struCoder/pidusage v0.2.1/go.mod h1:bewtP2KUA1TBUyza5+/PCpSQ6sc/H6jJbIKAzqW86BA=
golang.org/x/net v0.27.0 h1:5K3Njcw06/l2y9vpGCSdcxWOYHOUk3dVNGDXN+FvAys=
golang.org/x/net v0.27.0/go.mod h1:dDi0PyhWNoiUOrAS8uXv/vnScO4wnHQO4mj9fn/RytE=
golang.org/x/sys v0.22.0 h1:RI27ohtqKCnwULzJLqkv897zojh5/DwS/ENaMzUOaWI=
golang.org/x/sys v0.22.0/go.mod h1:/VUhepiaJMQUp4+oa/7Zr1D23ma6VTLIYjOOTFZPUcA=
golang.org/x/text v0.16.0 h1:a94ExnEXNtEwYLGJSIUxnWoxoRz/ZcCsV63ROupILh4=
golang.org/x/text v0.16.0/go.mod h1:GhwF1Be+LQoKShO3cGOHzqOgRrGaYc9AvblQOmPVHnI=
google.golang.org/genproto/googleapis/rpc v0.0.0-20240725223205-93522f1f2a9f h1:RARaIm8pxYuxyNPbBQf5igT7XdOyCNtat1qAT2ZxjU4=
google.golang.org/genproto/googleapis/rpc v0.0.0-20240725223205-93522f1f2a9f/go.mod h1:Ue6ibwXGpU+dqIcODieyLOcgj7z8+IcskoNIgZxtrFY=
google.golang.org/grpc v1.65.0 h1:bs/cUb4lp1G5iImFFd3u5ixQzweKizoZJAwBNLR42lc=
google.golang.org/grpc v1.65.0/go.mod h1:WgYC2ypjlB0EiQi6wdKixMqukr6lBc0Vo+oOgjrM5ZQ=
google.golang.org/protobuf v1.34.2 h1:6xV6lTsCfpGD21XK49h7MhtcApnLqkfYgPcdHftf6hg=
google.golang.org/protobuf v1.34.2/go.mod h1:qYOHts0dSfpeUzUFpOMr/WGzszTmLH+DiWniOlNbLDw=
