github.com/beorn7/perks v1.0.1 h1:VlbKKnNfV8bJzeqoa4cOKqO6bYr3WgKZxO8Z16+hsOM=
github.com/beorn7/perks v1.0.1/go.mod h1:G2ZrVWU2WbWT9wwq4/hrbKbnv/1ERSJQ0ibhJ6rlkpw=
github.com/brotherlogic/buildserver v0.0.0-20241109072002-87f9d05ce41a h1:59munItZgW0M+ipOtAUWr+hU+oQwMh9h2DUJvFO7Wvg=
github.com/brotherlogic/buildserver v0.0.0-20241109072002-87f9d05ce41a/go.mod h1:aewP4h5NS9eAmGDxcMjWzWHt+blkO2vyCQ901zQ8/iA=
github.com/brotherlogic/datastore v0.0.0-20240830190304-3b849e438317 h1:DLMPWIx8D87R7CREesKMXypPxAPvjb9PE/DSsnnU9mc=
github.com/brotherlogic/datastore v0.0.0-20240830190304-3b849e438317/go.mod h1:FmWWpOEDbIyQ/AkpoudKUYWU8BRTb6DaQEvZOkOO0K0=
github.com/brotherlogic/dstore v0.0.0-20241109024657-6ae3fcb5a6c1 h1:g04R9nlOtkpMxjs4Kkis1uY+CK4E/RKcQBJxdAf0CfA=
github.com/brotherlogic/dstore v0.0.0-20241109024657-6ae3fcb5a6c1/go.mod h1:DuLwyWVUEAwG7p1bkEa4hhsq9ZkZ2y9fD6uJkFhHHDs=
github.com/brotherlogic/githubcard v0.0.0-20241106094256-6204bb5676f4 h1:fmTKmXyWdKUOjuYzvlzMNDQsh8p7rv1D0Cnf0de86So=
github.com/brotherlogic/githubcard v0.0.0-20241106094256-6204bb5676f4/go.mod h1:q+0M1rYC1qWhdcuvRIFOAJiTtWeNJ3pL3wfawo4C/Qc=
github.com/brotherlogic/githubridge v0.2805.0 h1:MZYc50DVIc+1CSQSxRGAvXKizETMKJhG5cvuRFyIpYo=
github.com/brotherlogic/githubridge v0.2805.0/go.mod h1:XTxap90/th23AU2BWYFxnSyiQFwDYyBI0PWxDZTCQpo=
github.com/brotherlogic/gobuildslave v0.0.0-20241104084926-a33b425f3128 h1:oYpnt8f9xUy9NnwVfjwR0HdktSkqSKiFrV4nq7/tt2Y=
github.com/brotherlogic/gobuildslave v0.0.0-20241104084926-a33b425f3128/go.mod h1:uzZOBGXLfKojvk3gtsaH7hRxLFLNaJ5I6DxTtVDbwcE=
github.com/brotherlogic/godiscogs v0.0.0-20240403143827-f1692f7a0410 h1:r2U3/0eQ42rtWieWGNyp7VFUAnhQWHhaRk864Wb0KSM=
github.com/brotherlogic/godiscogs v0.0.0-20240403143827-f1692f7a0410/go.mod h1:4wYe3uogEJqP77td2b2j69c+TLcSDrqgd5pqj7vlb6U=
github.com/brotherlogic/goserver v0.0.0-20240826215223-fccbac46b3d4 h1:ZllkC78AIJSbp8imulghOwNX4mPF4XxMkL1Ma3qf5Ks=
github.com/brotherlogic/goserver v0.0.0-20240826215223-fccbac46b3d4/go.mod h1:DQcHpGZOjqnapi7JCYxmpOebkVjqgpfLuPNNNquy4Z0=
github.com/brotherlogic/keystore v0.0.0-20240508161349-814b3200b126 h1:6e12Cl80VtMghgEyTyx1tZB1mUSSBHeLhKvikwb7kIQ=
github.com/brotherlogic/keystore v0.0.0-20240508161349-814b3200b126/go.mod h1:2JK2kJhI5ler7e7M1WtIpIkiNGG2qy8V6X7VZLCsd5k=
github.com/brotherlogic/lock v0.0.0-20241106104302-0358a7e068c6 h1:llqx8j80y2PTGh6TJ85BmFDsTasQ9jsXriHnVIJkIzw=
github.com/brotherlogic/lock v0.0.0-20241106104302-0358a7e068c6/go.mod h1:i9G39cFJQ4H5qGHiBV6KFGWyoTRBH/2/kKRzPnO7DE8=
github.com/brotherlogic/logging v0.0.0-20241109174929-fbcdf61ddbd4 h1:nP7UD3jSgyedZXyBpI+1PvP9eUvD6ynDNHA4sRGQLgc=
github.com/brotherlogic/logging v0.0.0-20241109174929-fbcdf61ddbd4/go.mod h1:r0B+2D5LYCK9LWSsRLU90vCDX0l0NJqchbidotddGGw=
github.com/brotherlogic/monitor v0.0.0-20221025152653-c10877c5f9e6 h1:hxu2T9JspE76sL3XAx/CNtA9bOO6QCEJkyG9rBXFEVA=
github.com/brotherlogic/monitor v0.0.0-20221025152653-c10877c5f9e6/go.mod h1:babny4VO2GqFwjXqhJsP4a6la4XJeMT6f4BgLBPq4G8=
github.com/brotherlogic/recordcollection v0.0.0-20240507141004-bfb0a1e980c6 h1:0a1gaVNjbTEDo+1eT98pHIMxojrIlxk69ZqYav5c6jQ=
github.com/brotherlogic/recordcollection v0.0.0-20240507141004-bfb0a1e980c6/go.mod h1:ITVGSuIy9X6o/ymgp5tS3qcISVrY4I9qLwNYmu8K60Y=
github.com/brotherlogic/versionserver v0.0.0-20221025154054-c9bcd41be2f2 h1:YjFE4Sa+wwbl4yJwJaMQVeA4CMzLIDbbIuSMdsEp5/w=
github.com/brotherlogic/versionserver v0.0.0-20221025154054-c9bcd41be2f2/go.mod h1:ODrbMDhG+yOp2vie9vE4oaKsKhILDralZMr7PJ4HrJY=
github.com/cespare/xxhash/v2 v2.3.0 h1:UL815xU9SqsFlibzuggzjXhog7bL6oX9BbNZnL2UFvs=
github.com/cespare/xxhash/v2 v2.3.0/go.mod h1:VGX0DQ3Q6kWi7AoAeZDth3/j3BFtOZR5XLFGgcrjCOs=
github.com/davecgh/go-spew v1.1.1 h1:vj9j/u1bqnvCEfJOwUhtlOARqs3+rkHYY13jYWTU97c=
github.com/davecgh/go-spew v1.1.1/go.mod h1:J7Y8YcW2NihsgmVo/mv3lAwl/skON4iLHjSsI+c5H38=
github.com/golang/protobuf v1.5.4 h1:i7eJL8qZTpSEXOPTxNKhASYpMn+8e5Q6AdndVa1dWek=
github.com/golang/protobuf v1.5.4/go.mod h1:lnTiLA8Wa4RWRcIUkrtSVa5nRhsEGBg48fD6rSs7xps=
github.com/google/go-cmp v0.6.0 h1:ofyhxvXcZhMsU5ulbFiLKl/XBFqE1GSq7atu8tAmTRI=
github.com/google/go-cmp v0.6.0/go.mod h1:17dUlkBOakJ0+DkrSSNjCkIjxS6bF9zb3elmeNGIjoY=
github.com/klauspost/compress v1.17.11 h1:In6xLpyWOi1+C7tXUUWv2ot1QvBjxevKAaI6IXrJmUc=
github.com/klauspost/compress v1.17.11/go.mod h1:pMDklpSncoRMuLFrf1W9Ss9KT+0rH90U12bZKk7uwG0=
github.com/kylelemons/godebug v1.1.0 h1:RPNrshWIDI6G2gRW9EHilWtl7Z6Sb1BR0xunSBf0SNc=
github.com/kylelemons/godebug v1.1.0/go.mod h1:9/0rRGxNHcop5bhtWyNeEfOS8JIWk580+fNqagV/RAw=
github.com/mitchellh/go-ps v1.0.0 h1:i6ampVEEF4wQFF+bkYfwYgY+F/uYJDktmvLPf7qIgjc=
github.com/mitchellh/go-ps v1.0.0/go.mod h1:J4lOc8z8yJs6vUwklHw2XEIiT4z4C40KtWVN3nvg8Pg=
github.com/munnerz/goautoneg v0.0.0-20191010083416-a7dc8b61c822 h1:C3w9PqII01/Oq1c1nUAm88MOHcQC9l5mIlSMApZMrHA=
github.com/munnerz/goautoneg v0.0.0-20191010083416-a7dc8b61c822/go.mod h1:+n7T8mK8HuQTcFwEeznm/DIxMOiR9yIdICNftLE1DvQ=
github.com/pmezard/go-difflib v1.0.0 h1:4DBwDE0NGyQoBHbLQYPwSUPoCMWR5BEzIk/f1lZbAQM=
github.com/pmezard/go-difflib v1.0.0/go.mod h1:iKH77koFhYxTK1pcRnkKkqfTogsbg7gZNVY4sRDYZ/4=
github.com/prometheus/client_golang v1.20.5 h1:cxppBPuYhUnsO6yo/aoRol4L7q7UFfdm+bR9r+8l63Y=
github.com/prometheus/client_golang v1.20.5/go.mod h1:PIEt8X02hGcP8JWbeHyeZ53Y/jReSnHgO035n//V5WE=
github.com/prometheus/client_model v0.6.1 h1:ZKSh/rekM+n3CeS952MLRAdFwIKqeY8b62p8ais2e9E=
github.com/prometheus/client_model v0.6.1/go.mod h1:OrxVMOVHjw3lKMa8+x6HeMGkHMQyHDk9E3jmP2AmGiY=
github.com/prometheus/common v0.60.1 h1:FUas6GcOw66yB/73KC+BOZoFJmbo/1pojoILArPAaSc=
github.com/prometheus/common v0.60.1/go.mod h1:h0LYf1R1deLSKtD4Vdg8gy4RuOvENW2J/h19V5NADQw=
github.com/prometheus/procfs v0.15.1 h1:YagwOFzUgYfKKHX6Dr+sHT7km/hxC76UB0learggepc=
github.com/prometheus/procfs v0.15.1/go.mod h1:fB45yRUv8NstnjriLhBQLuOUt+WW4BsoGhij/e3PBqk=
github.com/stretchr/testify v1.9.0 h1:HtqpIVDClZ4nwg75+f6Lvsy/wHu+3BoSGCbBAcpTsTg=
github.com/stretchr/testify v1.9.0/go.mod h1:r2ic/lqez/lEtzL7wO/rwa5dbSLXVDPFyf8C91i36aY=
github.com/struCoder/pidusage v0.2.1 h1:dFiEgUDkubeIj0XA1NpQ6+8LQmKrLi7NiIQl86E6BoY=
github.com/struCoder/pidusage v0.2.1/go.mod h1:bewtP2KUA1TBUyza5+/PCpSQ6sc/H6jJbIKAzqW86BA=
golang.org/x/net v0.31.0 h1:68CPQngjLL0r2AlUKiSxtQFKvzRVbnzLwMUn5SzcLHo=
golang.org/x/net v0.31.0/go.mod h1:P4fl1q7dY2hnZFxEk4pPSkDHF+QqjitcnDjUQyMM+pM=
golang.org/x/sys v0.27.0 h1:wBqf8DvsY9Y/2P8gAfPDEYNuS30J4lPHJxXSb/nJZ+s=
golang.org/x/sys v0.27.0/go.mod h1:/VUhepiaJMQUp4+oa/7Zr1D23ma6VTLIYjOOTFZPUcA=
golang.org/x/text v0.20.0 h1:gK/Kv2otX8gz+wn7Rmb3vT96ZwuoxnQlY+HlJVj7Qug=
golang.org/x/text v0.20.0/go.mod h1:D4IsuqiFMhST5bX19pQ9ikHC2GsaKyk/oF+pn3ducp4=
google.golang.org/genproto/googleapis/rpc v0.0.0-20241104194629-dd2ea8efbc28 h1:XVhgTWWV3kGQlwJHR3upFWZeTsei6Oks1apkZSeonIE=
google.golang.org/genproto/googleapis/rpc v0.0.0-20241104194629-dd2ea8efbc28/go.mod h1:GX3210XPVPUjJbTUbvwI8f2IpZDMZuPJWDzDuebbviI=
google.golang.org/grpc v1.68.0 h1:aHQeeJbo8zAkAa3pRzrVjZlbz6uSfeOXlJNQM0RAbz0=
google.golang.org/grpc v1.68.0/go.mod h1:fmSPC5AsjSBCK54MyHRx48kpOti1/jRfOlwEWywNjWA=
google.golang.org/protobuf v1.35.1 h1:m3LfL6/Ca+fqnjnlqQXNpFPABW1UD7mjh8KO2mKFytA=
google.golang.org/protobuf v1.35.1/go.mod h1:9fA7Ob0pmnwhb644+1+CVWFRbNajQ6iRojtC/QF5bRE=
gopkg.in/yaml.v3 v3.0.1 h1:fxVm/GzAzEWqLHuvctI91KS9hhNmmWOoWu0XTYJS7CA=
gopkg.in/yaml.v3 v3.0.1/go.mod h1:K4uyk7z7BCEPqu6E+C64Yfv1cQ7kz7rIZviUmN+EgEM=
