github.com/beorn7/perks v1.0.1 h1:VlbKKnNfV8bJzeqoa4cOKqO6bYr3WgKZxO8Z16+hsOM=
github.com/beorn7/perks v1.0.1/go.mod h1:G2ZrVWU2WbWT9wwq4/hrbKbnv/1ERSJQ0ibhJ6rlkpw=
github.com/brotherlogic/buildserver v0.0.0-20240628211629-ec38cf1799b5 h1:FIUnWPqHvCu3F98ETfDUiOb6Y1u0EJyPdQZU2Fc0V7Q=
github.com/brotherlogic/buildserver v0.0.0-20240628211629-ec38cf1799b5/go.mod h1:MsaQs3InQ4ITKYlZbmwcCohrjoSheUTjmiuRfLi8Sgs=
github.com/brotherlogic/datastore v0.0.0-20240705024151-ad9e144aa8f8 h1:/qtkypdXbeoB93eGODc4I/WQXqlqEOf49zMTEiH1SNA=
github.com/brotherlogic/datastore v0.0.0-20240705024151-ad9e144aa8f8/go.mod h1:+DUgNtmKnJZZB+zhbQh40a9dll1EJW+e+fCY/5eRzPI=
github.com/brotherlogic/dstore v0.0.0-20240705165527-7982c4fed622 h1:42XKyMMuA0o48WygNlSnDOwIdcUdubmkjyzRcwoaz/0=
github.com/brotherlogic/dstore v0.0.0-20240705165527-7982c4fed622/go.mod h1:34RigG8yY0OxE2cX0Jzg5dGwHayh7yF8LITQgryiq/c=
github.com/brotherlogic/githubcard v0.0.0-20240701145119-5ebc1f37e57d h1:1F5W00mtMFhqce9knHu7J0NtkPS5DOedU6d9fN3gdOQ=
github.com/brotherlogic/githubcard v0.0.0-20240701145119-5ebc1f37e57d/go.mod h1:K541eDJEl7axnJUFCnnucSdK/gbgMRKJLsysJHGF/vE=
github.com/brotherlogic/githubridge v0.2802.0 h1:9Dz8jzHYNNGheax3eZxLP7itjMnWjReukNafNa/U76E=
github.com/brotherlogic/githubridge v0.2802.0/go.mod h1:XTxap90/th23AU2BWYFxnSyiQFwDYyBI0PWxDZTCQpo=
github.com/brotherlogic/gobuildslave v0.0.0-20240705212404-457094f2fcca h1:B8/T11fM455v8GeTAE7XzREcFWiqlis8Qk2ngEBnsDQ=
github.com/brotherlogic/gobuildslave v0.0.0-20240705212404-457094f2fcca/go.mod h1:fsnrhSLejic+KtQBjYFYfLrLbb7zPCRCs0GUBlDBbnQ=
github.com/brotherlogic/godiscogs v0.0.0-20240403143827-f1692f7a0410 h1:r2U3/0eQ42rtWieWGNyp7VFUAnhQWHhaRk864Wb0KSM=
github.com/brotherlogic/godiscogs v0.0.0-20240403143827-f1692f7a0410/go.mod h1:4wYe3uogEJqP77td2b2j69c+TLcSDrqgd5pqj7vlb6U=
github.com/brotherlogic/goserver v0.0.0-20240303220030-80da220f0393 h1:URH8Z026zIMp4jli5l0AdRpxorjYMAOzA3zf2eifYW8=
github.com/brotherlogic/goserver v0.0.0-20240303220030-80da220f0393/go.mod h1:DQcHpGZOjqnapi7JCYxmpOebkVjqgpfLuPNNNquy4Z0=
github.com/brotherlogic/keystore v0.0.0-20240508161349-814b3200b126 h1:6e12Cl80VtMghgEyTyx1tZB1mUSSBHeLhKvikwb7kIQ=
github.com/brotherlogic/keystore v0.0.0-20240508161349-814b3200b126/go.mod h1:2JK2kJhI5ler7e7M1WtIpIkiNGG2qy8V6X7VZLCsd5k=
github.com/brotherlogic/lock v0.0.0-20240701140018-69872ea4c8fe h1:GW3RABVzAx3BvnfwzfffZUAOrd1DMoAQ4kLZGfXo92Y=
github.com/brotherlogic/lock v0.0.0-20240701140018-69872ea4c8fe/go.mod h1:RiMYm8irxvI+/mdoYpgpFjen8KVadCOYSrMQEqNJhhU=
github.com/brotherlogic/logging v0.0.0-20240705200534-8393fef76211 h1:iyrSGAhBVEC98LdhE8n294JXR2i/DLvUlqMvs5z0t3I=
github.com/brotherlogic/logging v0.0.0-20240705200534-8393fef76211/go.mod h1:TCGtmRHE5c1cmcd9DL/DRPMz43O4rCFgoqaDwvqtidQ=
github.com/brotherlogic/monitor v0.0.0-20221025152653-c10877c5f9e6 h1:hxu2T9JspE76sL3XAx/CNtA9bOO6QCEJkyG9rBXFEVA=
github.com/brotherlogic/monitor v0.0.0-20221025152653-c10877c5f9e6/go.mod h1:babny4VO2GqFwjXqhJsP4a6la4XJeMT6f4BgLBPq4G8=
github.com/brotherlogic/recordcollection v0.0.0-20240507141004-bfb0a1e980c6 h1:0a1gaVNjbTEDo+1eT98pHIMxojrIlxk69ZqYav5c6jQ=
github.com/brotherlogic/recordcollection v0.0.0-20240507141004-bfb0a1e980c6/go.mod h1:ITVGSuIy9X6o/ymgp5tS3qcISVrY4I9qLwNYmu8K60Y=
github.com/brotherlogic/versionserver v0.0.0-20221025154054-c9bcd41be2f2 h1:YjFE4Sa+wwbl4yJwJaMQVeA4CMzLIDbbIuSMdsEp5/w=
github.com/brotherlogic/versionserver v0.0.0-20221025154054-c9bcd41be2f2/go.mod h1:ODrbMDhG+yOp2vie9vE4oaKsKhILDralZMr7PJ4HrJY=
github.com/cespare/xxhash/v2 v2.3.0 h1:UL815xU9SqsFlibzuggzjXhog7bL6oX9BbNZnL2UFvs=
github.com/cespare/xxhash/v2 v2.3.0/go.mod h1:VGX0DQ3Q6kWi7AoAeZDth3/j3BFtOZR5XLFGgcrjCOs=
github.com/davecgh/go-spew v1.1.1 h1:vj9j/u1bqnvCEfJOwUhtlOARqs3+rkHYY13jYWTU97c=
github.com/davecgh/go-spew v1.1.1/go.mod h1:J7Y8YcW2NihsgmVo/mv3lAwl/skON4iLHjSsI+c5H38=
github.com/golang/protobuf v1.5.4 h1:i7eJL8qZTpSEXOPTxNKhASYpMn+8e5Q6AdndVa1dWek=
github.com/golang/protobuf v1.5.4/go.mod h1:lnTiLA8Wa4RWRcIUkrtSVa5nRhsEGBg48fD6rSs7xps=
github.com/google/go-cmp v0.6.0 h1:ofyhxvXcZhMsU5ulbFiLKl/XBFqE1GSq7atu8tAmTRI=
github.com/google/go-cmp v0.6.0/go.mod h1:17dUlkBOakJ0+DkrSSNjCkIjxS6bF9zb3elmeNGIjoY=
github.com/mitchellh/go-ps v1.0.0 h1:i6ampVEEF4wQFF+bkYfwYgY+F/uYJDktmvLPf7qIgjc=
github.com/mitchellh/go-ps v1.0.0/go.mod h1:J4lOc8z8yJs6vUwklHw2XEIiT4z4C40KtWVN3nvg8Pg=
github.com/munnerz/goautoneg v0.0.0-20191010083416-a7dc8b61c822 h1:C3w9PqII01/Oq1c1nUAm88MOHcQC9l5mIlSMApZMrHA=
github.com/munnerz/goautoneg v0.0.0-20191010083416-a7dc8b61c822/go.mod h1:+n7T8mK8HuQTcFwEeznm/DIxMOiR9yIdICNftLE1DvQ=
github.com/prometheus/client_golang v1.19.1 h1:wZWJDwK+NameRJuPGDhlnFgx8e8HN3XHQeLaYJFJBOE=
github.com/prometheus/client_golang v1.19.1/go.mod h1:mP78NwGzrVks5S2H6ab8+ZZGJLZUq1hoULYBAYBw1Ho=
github.com/prometheus/client_model v0.6.1 h1:ZKSh/rekM+n3CeS952MLRAdFwIKqeY8b62p8ais2e9E=
github.com/prometheus/client_model v0.6.1/go.mod h1:OrxVMOVHjw3lKMa8+x6HeMGkHMQyHDk9E3jmP2AmGiY=
github.com/prometheus/common v0.55.0 h1:KEi6DK7lXW/m7Ig5i47x0vRzuBsHuvJdi5ee6Y3G1dc=
github.com/prometheus/common v0.55.0/go.mod h1:2SECS4xJG1kd8XF9IcM1gMX6510RAEL65zxzNImwdc8=
github.com/prometheus/procfs v0.15.1 h1:YagwOFzUgYfKKHX6Dr+sHT7km/hxC76UB0learggepc=
github.com/prometheus/procfs v0.15.1/go.mod h1:fB45yRUv8NstnjriLhBQLuOUt+WW4BsoGhij/e3PBqk=
github.com/struCoder/pidusage v0.2.1 h1:dFiEgUDkubeIj0XA1NpQ6+8LQmKrLi7NiIQl86E6BoY=
github.com/struCoder/pidusage v0.2.1/go.mod h1:bewtP2KUA1TBUyza5+/PCpSQ6sc/H6jJbIKAzqW86BA=
golang.org/x/net v0.27.0 h1:5K3Njcw06/l2y9vpGCSdcxWOYHOUk3dVNGDXN+FvAys=
golang.org/x/net v0.27.0/go.mod h1:dDi0PyhWNoiUOrAS8uXv/vnScO4wnHQO4mj9fn/RytE=
golang.org/x/sys v0.22.0 h1:RI27ohtqKCnwULzJLqkv897zojh5/DwS/ENaMzUOaWI=
golang.org/x/sys v0.22.0/go.mod h1:/VUhepiaJMQUp4+oa/7Zr1D23ma6VTLIYjOOTFZPUcA=
golang.org/x/text v0.16.0 h1:a94ExnEXNtEwYLGJSIUxnWoxoRz/ZcCsV63ROupILh4=
golang.org/x/text v0.16.0/go.mod h1:GhwF1Be+LQoKShO3cGOHzqOgRrGaYc9AvblQOmPVHnI=
google.golang.org/genproto/googleapis/rpc v0.0.0-20240701130421-f6361c86f094 h1:BwIjyKYGsK9dMCBOorzRri8MQwmi7mT9rGHsCEinZkA=
google.golang.org/genproto/googleapis/rpc v0.0.0-20240701130421-f6361c86f094/go.mod h1:Ue6ibwXGpU+dqIcODieyLOcgj7z8+IcskoNIgZxtrFY=
google.golang.org/grpc v1.65.0 h1:bs/cUb4lp1G5iImFFd3u5ixQzweKizoZJAwBNLR42lc=
google.golang.org/grpc v1.65.0/go.mod h1:WgYC2ypjlB0EiQi6wdKixMqukr6lBc0Vo+oOgjrM5ZQ=
google.golang.org/protobuf v1.34.2 h1:6xV6lTsCfpGD21XK49h7MhtcApnLqkfYgPcdHftf6hg=
google.golang.org/protobuf v1.34.2/go.mod h1:qYOHts0dSfpeUzUFpOMr/WGzszTmLH+DiWniOlNbLDw=
